
Microsoft Visual Studio Solution File, Format Version 12.00
# Visual Studio Version 16
VisualStudioVersion = 16.0.810.22
MinimumVisualStudioVersion = 10.0.40219.1
Project("{FAE04EC0-301F-11D3-BF4B-00C04F79EFBC}") = "Exercicio155", "Exercicio155.csproj", "{966D0E82-EBAC-4C66-9B29-EE978D682DCE}"
EndProject
Global
	GlobalSection(SolutionConfigurationPlatforms) = preSolution
		Debug|anycpu = Debug|anycpu
		Release|anycpu = Release|anycpu
	EndGlobalSection
	GlobalSection(ProjectConfigurationPlatforms) = postSolution
		{966D0E82-EBAC-4C66-9B29-EE978D682DCE}.Debug|anycpu.ActiveCfg = Debug|anycpu
		{966D0E82-EBAC-4C66-9B29-EE978D682DCE}.Debug|anycpu.Build.0 = Debug|anycpu
		{966D0E82-EBAC-4C66-9B29-EE978D682DCE}.Release|anycpu.ActiveCfg = Release|anycpu
		{966D0E82-EBAC-4C66-9B29-EE978D682DCE}.Release|anycpu.Build.0 = Release|anycpu
	EndGlobalSection
	GlobalSection(SolutionProperties) = preSolution
		HideSolutionNode = FALSE
	EndGlobalSection
	GlobalSection(ExtensibilityGlobals) = postSolution
		SolutionGuid = {6E750FF1-E815-488D-9207-C645BB221FD5}
	EndGlobalSection
EndGlobal
